
Microsoft Visual Studio Solution File, Format Version 12.00
# Visual Studio 15
VisualStudioVersion = 15.0.28307.329
MinimumVisualStudioVersion = 10.0.40219.1
Project("{888888A0-9F3D-457C-B088-3A5042F75D52}") = "Python_For_Beginners", "Python_For_Beginners\Python_For_Beginners.pyproj", "{36334BA8-BAF5-4681-8FD9-671CE09E1959}"
EndProject
Global
	GlobalSection(SolutionConfigurationPlatforms) = preSolution
		Debug|Any CPU = Debug|Any CPU
		Release|Any CPU = Release|Any CPU
	EndGlobalSection
	GlobalSection(ProjectConfigurationPlatforms) = postSolution
		{36334BA8-BAF5-4681-8FD9-671CE09E1959}.Debug|Any CPU.ActiveCfg = Debug|Any CPU
		{36334BA8-BAF5-4681-8FD9-671CE09E1959}.Release|Any CPU.ActiveCfg = Release|Any CPU
	EndGlobalSection
	GlobalSection(SolutionProperties) = preSolution
		HideSolutionNode = FALSE
	EndGlobalSection
	GlobalSection(ExtensibilityGlobals) = postSolution
		SolutionGuid = {0C11CB88-2F2B-44DC-A3B3-772963FEF594}
	EndGlobalSection
EndGlobal
